
Microsoft Visual Studio Solution File, Format Version 12.00
# Visual Studio Version 17
VisualStudioVersion = 17.5.33516.290
MinimumVisualStudioVersion = 10.0.40219.1
Project("{FAE04EC0-301F-11D3-BF4B-00C04F79EFBC}") = "shreddit", "shreddit\shreddit.csproj", "{C6671143-5269-4C5A-A2E9-5FB1D0DBCECE}"
EndProject
Global
	GlobalSection(SolutionConfigurationPlatforms) = preSolution
		Debug|Any CPU = Debug|Any CPU
		Release|Any CPU = Release|Any CPU
	EndGlobalSection
	GlobalSection(ProjectConfigurationPlatforms) = postSolution
		{C6671143-5269-4C5A-A2E9-5FB1D0DBCECE}.Debug|Any CPU.ActiveCfg = Debug|Any CPU
		{C6671143-5269-4C5A-A2E9-5FB1D0DBCECE}.Debug|Any CPU.Build.0 = Debug|Any CPU
		{C6671143-5269-4C5A-A2E9-5FB1D0DBCECE}.Release|Any CPU.ActiveCfg = Release|Any CPU
		{C6671143-5269-4C5A-A2E9-5FB1D0DBCECE}.Release|Any CPU.Build.0 = Release|Any CPU
	EndGlobalSection
	GlobalSection(SolutionProperties) = preSolution
		HideSolutionNode = FALSE
	EndGlobalSection
	GlobalSection(ExtensibilityGlobals) = postSolution
		SolutionGuid = {8118C3A2-FD30-4492-B8ED-1A0E6636798A}
	EndGlobalSection
EndGlobal
